
Microsoft Visual Studio Solution File, Format Version 12.00
# Visual Studio Version 16
VisualStudioVersion = 16.0.32802.440
MinimumVisualStudioVersion = 10.0.40219.1
Project("{FAE04EC0-301F-11D3-BF4B-00C04F79EFBC}") = "Bankappgrupparbete", "Bankappgrupparbete\Bankappgrupparbete.csproj", "{2E579E64-0B7F-4DAF-A31A-B83D8CA1142C}"
EndProject
Global
	GlobalSection(SolutionConfigurationPlatforms) = preSolution
		Debug|Any CPU = Debug|Any CPU
		Release|Any CPU = Release|Any CPU
	EndGlobalSection
	GlobalSection(ProjectConfigurationPlatforms) = postSolution
		{2E579E64-0B7F-4DAF-A31A-B83D8CA1142C}.Debug|Any CPU.ActiveCfg = Debug|Any CPU
		{2E579E64-0B7F-4DAF-A31A-B83D8CA1142C}.Debug|Any CPU.Build.0 = Debug|Any CPU
		{2E579E64-0B7F-4DAF-A31A-B83D8CA1142C}.Release|Any CPU.ActiveCfg = Release|Any CPU
		{2E579E64-0B7F-4DAF-A31A-B83D8CA1142C}.Release|Any CPU.Build.0 = Release|Any CPU
	EndGlobalSection
	GlobalSection(SolutionProperties) = preSolution
		HideSolutionNode = FALSE
	EndGlobalSection
	GlobalSection(ExtensibilityGlobals) = postSolution
		SolutionGuid = {CAD3112F-C1DA-43D0-ABF3-F2EC3267885B}
	EndGlobalSection
EndGlobal
